// !$*UTF8*$!
{
	archiveVersion = 1;
	classes = {
	};
	objectVersion = 56;
	objects = {

/* Begin PBXBuildFile section */
		3D3B04642BDF015800D0B013 /* AppDelegate.swift in Sources */ = {isa = PBXBuildFile; fileRef = 3D3B04632BDF015800D0B013 /* AppDelegate.swift */; };
		3D3B04682BDF015800D0B013 /* QuotesViewController.swift in Sources */ = {isa = PBXBuildFile; fileRef = 3D3B04672BDF015800D0B013 /* QuotesViewController.swift */; };
		3D3B046D2BDF015900D0B013 /* Assets.xcassets in Resources */ = {isa = PBXBuildFile; fileRef = 3D3B046C2BDF015900D0B013 /* Assets.xcassets */; };
		3D3B047B2BDF015900D0B013 /* TradernetTests.swift in Sources */ = {isa = PBXBuildFile; fileRef = 3D3B047A2BDF015900D0B013 /* TradernetTests.swift */; };
		3D3B04852BDF015900D0B013 /* TradernetUITests.swift in Sources */ = {isa = PBXBuildFile; fileRef = 3D3B04842BDF015900D0B013 /* TradernetUITests.swift */; };
		3D3B04872BDF015900D0B013 /* TradernetUITestsLaunchTests.swift in Sources */ = {isa = PBXBuildFile; fileRef = 3D3B04862BDF015900D0B013 /* TradernetUITestsLaunchTests.swift */; };
		3DAB25F92BE1995A0031A7CF /* LaunchScreen.storyboard in Resources */ = {isa = PBXBuildFile; fileRef = 3DAB25F82BE1995A0031A7CF /* LaunchScreen.storyboard */; };
		3DAB25FC2BE19AA60031A7CF /* Localizable.strings in Resources */ = {isa = PBXBuildFile; fileRef = 3DAB25FE2BE19AA60031A7CF /* Localizable.strings */; };
		3DDA57512BDF0C9100B3204F /* Starscream in Frameworks */ = {isa = PBXBuildFile; productRef = 3DDA57502BDF0C9100B3204F /* Starscream */; };
		3DDA57542BDF12CA00B3204F /* SnapKit in Frameworks */ = {isa = PBXBuildFile; productRef = 3DDA57532BDF12CA00B3204F /* SnapKit */; };
/* End PBXBuildFile section */

/* Begin PBXContainerItemProxy section */
		3D3B04772BDF015900D0B013 /* PBXContainerItemProxy */ = {
			isa = PBXContainerItemProxy;
			containerPortal = 3D3B04582BDF015800D0B013 /* Project object */;
			proxyType = 1;
			remoteGlobalIDString = 3D3B045F2BDF015800D0B013;
			remoteInfo = Tradernet;
		};
		3D3B04812BDF015900D0B013 /* PBXContainerItemProxy */ = {
			isa = PBXContainerItemProxy;
			containerPortal = 3D3B04582BDF015800D0B013 /* Project object */;
			proxyType = 1;
			remoteGlobalIDString = 3D3B045F2BDF015800D0B013;
			remoteInfo = Tradernet;
		};
/* End PBXContainerItemProxy section */

/* Begin PBXFileReference section */
		3D3B04602BDF015800D0B013 /* Tradernet.app */ = {isa = PBXFileReference; explicitFileType = wrapper.application; includeInIndex = 0; path = Tradernet.app; sourceTree = BUILT_PRODUCTS_DIR; };
		3D3B04632BDF015800D0B013 /* AppDelegate.swift */ = {isa = PBXFileReference; lastKnownFileType = sourcecode.swift; path = AppDelegate.swift; sourceTree = "<group>"; };
		3D3B04672BDF015800D0B013 /* QuotesViewController.swift */ = {isa = PBXFileReference; lastKnownFileType = sourcecode.swift; path = QuotesViewController.swift; sourceTree = "<group>"; };
		3D3B046C2BDF015900D0B013 /* Assets.xcassets */ = {isa = PBXFileReference; lastKnownFileType = folder.assetcatalog; path = Assets.xcassets; sourceTree = "<group>"; };
		3D3B04712BDF015900D0B013 /* Info.plist */ = {isa = PBXFileReference; lastKnownFileType = text.plist.xml; path = Info.plist; sourceTree = "<group>"; };
		3D3B04762BDF015900D0B013 /* TradernetTests.xctest */ = {isa = PBXFileReference; explicitFileType = wrapper.cfbundle; includeInIndex = 0; path = TradernetTests.xctest; sourceTree = BUILT_PRODUCTS_DIR; };
		3D3B047A2BDF015900D0B013 /* TradernetTests.swift */ = {isa = PBXFileReference; lastKnownFileType = sourcecode.swift; path = TradernetTests.swift; sourceTree = "<group>"; };
		3D3B04802BDF015900D0B013 /* TradernetUITests.xctest */ = {isa = PBXFileReference; explicitFileType = wrapper.cfbundle; includeInIndex = 0; path = TradernetUITests.xctest; sourceTree = BUILT_PRODUCTS_DIR; };
		3D3B04842BDF015900D0B013 /* TradernetUITests.swift */ = {isa = PBXFileReference; lastKnownFileType = sourcecode.swift; path = TradernetUITests.swift; sourceTree = "<group>"; };
		3D3B04862BDF015900D0B013 /* TradernetUITestsLaunchTests.swift */ = {isa = PBXFileReference; lastKnownFileType = sourcecode.swift; path = TradernetUITestsLaunchTests.swift; sourceTree = "<group>"; };
		3DAB25ED2BE157D40031A7CF /* Config.xcconfig */ = {isa = PBXFileReference; lastKnownFileType = text.xcconfig; path = Config.xcconfig; sourceTree = "<group>"; };
		3DAB25F82BE1995A0031A7CF /* LaunchScreen.storyboard */ = {isa = PBXFileReference; lastKnownFileType = file.storyboard; path = LaunchScreen.storyboard; sourceTree = "<group>"; };
		3DAB25FD2BE19AA60031A7CF /* en */ = {isa = PBXFileReference; lastKnownFileType = text.plist.strings; name = en; path = en.lproj/Localizable.strings; sourceTree = "<group>"; };
		3DAB25FF2BE19AAA0031A7CF /* ru */ = {isa = PBXFileReference; lastKnownFileType = text.plist.strings; name = ru; path = ru.lproj/Localizable.strings; sourceTree = "<group>"; };
/* End PBXFileReference section */

/* Begin PBXFrameworksBuildPhase section */
		3D3B045D2BDF015800D0B013 /* Frameworks */ = {
			isa = PBXFrameworksBuildPhase;
			buildActionMask = 2147483647;
			files = (
				3DDA57512BDF0C9100B3204F /* Starscream in Frameworks */,
				3DDA57542BDF12CA00B3204F /* SnapKit in Frameworks */,
			);
			runOnlyForDeploymentPostprocessing = 0;
		};
		3D3B04732BDF015900D0B013 /* Frameworks */ = {
			isa = PBXFrameworksBuildPhase;
			buildActionMask = 2147483647;
			files = (
			);
			runOnlyForDeploymentPostprocessing = 0;
		};
		3D3B047D2BDF015900D0B013 /* Frameworks */ = {
			isa = PBXFrameworksBuildPhase;
			buildActionMask = 2147483647;
			files = (
			);
			runOnlyForDeploymentPostprocessing = 0;
		};
/* End PBXFrameworksBuildPhase section */

/* Begin PBXGroup section */
		3D3B04572BDF015800D0B013 = {
			isa = PBXGroup;
			children = (
				3D3B04622BDF015800D0B013 /* Tradernet */,
				3D3B04792BDF015900D0B013 /* TradernetTests */,
				3D3B04832BDF015900D0B013 /* TradernetUITests */,
				3D3B04612BDF015800D0B013 /* Products */,
				3DDA57522BDF12CA00B3204F /* Frameworks */,
			);
			sourceTree = "<group>";
		};
		3D3B04612BDF015800D0B013 /* Products */ = {
			isa = PBXGroup;
			children = (
				3D3B04602BDF015800D0B013 /* Tradernet.app */,
				3D3B04762BDF015900D0B013 /* TradernetTests.xctest */,
				3D3B04802BDF015900D0B013 /* TradernetUITests.xctest */,
			);
			name = Products;
			sourceTree = "<group>";
		};
		3D3B04622BDF015800D0B013 /* Tradernet */ = {
			isa = PBXGroup;
			children = (
				3D3B04632BDF015800D0B013 /* AppDelegate.swift */,
				3DAB26002BE19F480031A7CF /* Quotes */,
				3DAB25EE2BE157E00031A7CF /* Resources */,
			);
			path = Tradernet;
			sourceTree = "<group>";
		};
		3D3B04792BDF015900D0B013 /* TradernetTests */ = {
			isa = PBXGroup;
			children = (
				3D3B047A2BDF015900D0B013 /* TradernetTests.swift */,
			);
			path = TradernetTests;
			sourceTree = "<group>";
		};
		3D3B04832BDF015900D0B013 /* TradernetUITests */ = {
			isa = PBXGroup;
			children = (
				3D3B04842BDF015900D0B013 /* TradernetUITests.swift */,
				3D3B04862BDF015900D0B013 /* TradernetUITestsLaunchTests.swift */,
			);
			path = TradernetUITests;
			sourceTree = "<group>";
		};
		3DAB25EE2BE157E00031A7CF /* Resources */ = {
			isa = PBXGroup;
			children = (
				3D3B046C2BDF015900D0B013 /* Assets.xcassets */,
				3DAB25ED2BE157D40031A7CF /* Config.xcconfig */,
				3D3B04712BDF015900D0B013 /* Info.plist */,
				3DAB25F82BE1995A0031A7CF /* LaunchScreen.storyboard */,
				3DAB25FE2BE19AA60031A7CF /* Localizable.strings */,
			);
			path = Resources;
			sourceTree = "<group>";
		};
		3DAB26002BE19F480031A7CF /* Quotes */ = {
			isa = PBXGroup;
			children = (
				3D3B04672BDF015800D0B013 /* QuotesViewController.swift */,
			);
			path = Quotes;
			sourceTree = "<group>";
		};
		3DDA57522BDF12CA00B3204F /* Frameworks */ = {
			isa = PBXGroup;
			children = (
			);
			name = Frameworks;
			sourceTree = "<group>";
		};
/* End PBXGroup section */

/* Begin PBXNativeTarget section */
		3D3B045F2BDF015800D0B013 /* Tradernet */ = {
			isa = PBXNativeTarget;
			buildConfigurationList = 3D3B048A2BDF015900D0B013 /* Build configuration list for PBXNativeTarget "Tradernet" */;
			buildPhases = (
				3D3B045C2BDF015800D0B013 /* Sources */,
				3D3B045D2BDF015800D0B013 /* Frameworks */,
				3D3B045E2BDF015800D0B013 /* Resources */,
			);
			buildRules = (
			);
			dependencies = (
			);
			name = Tradernet;
			packageProductDependencies = (
				3DDA57502BDF0C9100B3204F /* Starscream */,
				3DDA57532BDF12CA00B3204F /* SnapKit */,
			);
			productName = Tradernet;
			productReference = 3D3B04602BDF015800D0B013 /* Tradernet.app */;
			productType = "com.apple.product-type.application";
		};
		3D3B04752BDF015900D0B013 /* TradernetTests */ = {
			isa = PBXNativeTarget;
			buildConfigurationList = 3D3B048D2BDF015900D0B013 /* Build configuration list for PBXNativeTarget "TradernetTests" */;
			buildPhases = (
				3D3B04722BDF015900D0B013 /* Sources */,
				3D3B04732BDF015900D0B013 /* Frameworks */,
				3D3B04742BDF015900D0B013 /* Resources */,
			);
			buildRules = (
			);
			dependencies = (
				3D3B04782BDF015900D0B013 /* PBXTargetDependency */,
			);
			name = TradernetTests;
			productName = TradernetTests;
			productReference = 3D3B04762BDF015900D0B013 /* TradernetTests.xctest */;
			productType = "com.apple.product-type.bundle.unit-test";
		};
		3D3B047F2BDF015900D0B013 /* TradernetUITests */ = {
			isa = PBXNativeTarget;
			buildConfigurationList = 3D3B04902BDF015900D0B013 /* Build configuration list for PBXNativeTarget "TradernetUITests" */;
			buildPhases = (
				3D3B047C2BDF015900D0B013 /* Sources */,
				3D3B047D2BDF015900D0B013 /* Frameworks */,
				3D3B047E2BDF015900D0B013 /* Resources */,
			);
			buildRules = (
			);
			dependencies = (
				3D3B04822BDF015900D0B013 /* PBXTargetDependency */,
			);
			name = TradernetUITests;
			productName = TradernetUITests;
			productReference = 3D3B04802BDF015900D0B013 /* TradernetUITests.xctest */;
			productType = "com.apple.product-type.bundle.ui-testing";
		};
/* End PBXNativeTarget section */

/* Begin PBXProject section */
		3D3B04582BDF015800D0B013 /* Project object */ = {
			isa = PBXProject;
			attributes = {
				BuildIndependentTargetsInParallel = 1;
				LastSwiftUpdateCheck = 1500;
				LastUpgradeCheck = 1500;
				TargetAttributes = {
					3D3B045F2BDF015800D0B013 = {
						CreatedOnToolsVersion = 15.0;
					};
					3D3B04752BDF015900D0B013 = {
						CreatedOnToolsVersion = 15.0;
						TestTargetID = 3D3B045F2BDF015800D0B013;
					};
					3D3B047F2BDF015900D0B013 = {
						CreatedOnToolsVersion = 15.0;
						TestTargetID = 3D3B045F2BDF015800D0B013;
					};
				};
			};
			buildConfigurationList = 3D3B045B2BDF015800D0B013 /* Build configuration list for PBXProject "Tradernet" */;
			compatibilityVersion = "Xcode 14.0";
			developmentRegion = en;
			hasScannedForEncodings = 0;
			knownRegions = (
				Base,
				en,
				ru,
			);
			mainGroup = 3D3B04572BDF015800D0B013;
			packageReferences = (
				3DDA574E2BDF0C8800B3204F /* XCRemoteSwiftPackageReference "SnapKit" */,
				3DDA574F2BDF0C9100B3204F /* XCRemoteSwiftPackageReference "Starscream" */,
			);
			productRefGroup = 3D3B04612BDF015800D0B013 /* Products */;
			projectDirPath = "";
			projectRoot = "";
			targets = (
				3D3B045F2BDF015800D0B013 /* Tradernet */,
				3D3B04752BDF015900D0B013 /* TradernetTests */,
				3D3B047F2BDF015900D0B013 /* TradernetUITests */,
			);
		};
/* End PBXProject section */

/* Begin PBXResourcesBuildPhase section */
		3D3B045E2BDF015800D0B013 /* Resources */ = {
			isa = PBXResourcesBuildPhase;
			buildActionMask = 2147483647;
			files = (
				3DAB25F92BE1995A0031A7CF /* LaunchScreen.storyboard in Resources */,
				3DAB25FC2BE19AA60031A7CF /* Localizable.strings in Resources */,
				3D3B046D2BDF015900D0B013 /* Assets.xcassets in Resources */,
			);
			runOnlyForDeploymentPostprocessing = 0;
		};
		3D3B04742BDF015900D0B013 /* Resources */ = {
			isa = PBXResourcesBuildPhase;
			buildActionMask = 2147483647;
			files = (
			);
			runOnlyForDeploymentPostprocessing = 0;
		};
		3D3B047E2BDF015900D0B013 /* Resources */ = {
			isa = PBXResourcesBuildPhase;
			buildActionMask = 2147483647;
			files = (
			);
			runOnlyForDeploymentPostprocessing = 0;
		};
/* End PBXResourcesBuildPhase section */

/* Begin PBXSourcesBuildPhase section */
		3D3B045C2BDF015800D0B013 /* Sources */ = {
			isa = PBXSourcesBuildPhase;
			buildActionMask = 2147483647;
			files = (
				3D3B04682BDF015800D0B013 /* QuotesViewController.swift in Sources */,
				3D3B04642BDF015800D0B013 /* AppDelegate.swift in Sources */,
			);
			runOnlyForDeploymentPostprocessing = 0;
		};
		3D3B04722BDF015900D0B013 /* Sources */ = {
			isa = PBXSourcesBuildPhase;
			buildActionMask = 2147483647;
			files = (
				3D3B047B2BDF015900D0B013 /* TradernetTests.swift in Sources */,
			);
			runOnlyForDeploymentPostprocessing = 0;
		};
		3D3B047C2BDF015900D0B013 /* Sources */ = {
			isa = PBXSourcesBuildPhase;
			buildActionMask = 2147483647;
			files = (
				3D3B04872BDF015900D0B013 /* TradernetUITestsLaunchTests.swift in Sources */,
				3D3B04852BDF015900D0B013 /* TradernetUITests.swift in Sources */,
			);
			runOnlyForDeploymentPostprocessing = 0;
		};
/* End PBXSourcesBuildPhase section */

/* Begin PBXTargetDependency section */
		3D3B04782BDF015900D0B013 /* PBXTargetDependency */ = {
			isa = PBXTargetDependency;
			target = 3D3B045F2BDF015800D0B013 /* Tradernet */;
			targetProxy = 3D3B04772BDF015900D0B013 /* PBXContainerItemProxy */;
		};
		3D3B04822BDF015900D0B013 /* PBXTargetDependency */ = {
			isa = PBXTargetDependency;
			target = 3D3B045F2BDF015800D0B013 /* Tradernet */;
			targetProxy = 3D3B04812BDF015900D0B013 /* PBXContainerItemProxy */;
		};
/* End PBXTargetDependency section */

/* Begin PBXVariantGroup section */
		3DAB25FE2BE19AA60031A7CF /* Localizable.strings */ = {
			isa = PBXVariantGroup;
			children = (
				3DAB25FD2BE19AA60031A7CF /* en */,
				3DAB25FF2BE19AAA0031A7CF /* ru */,
			);
			name = Localizable.strings;
			sourceTree = "<group>";
		};
/* End PBXVariantGroup section */

/* Begin XCBuildConfiguration section */
		3D3B04882BDF015900D0B013 /* Debug */ = {
			isa = XCBuildConfiguration;
			buildSettings = {
				ALWAYS_SEARCH_USER_PATHS = NO;
				ASSETCATALOG_COMPILER_GENERATE_SWIFT_ASSET_SYMBOL_EXTENSIONS = YES;
				CLANG_ANALYZER_LOCALIZABILITY_NONLOCALIZED = YES;
				CLANG_ANALYZER_NONNULL = YES;
				CLANG_ANALYZER_NUMBER_OBJECT_CONVERSION = YES_AGGRESSIVE;
				CLANG_CXX_LANGUAGE_STANDARD = "gnu++20";
				CLANG_ENABLE_MODULES = YES;
				CLANG_ENABLE_OBJC_ARC = YES;
				CLANG_ENABLE_OBJC_WEAK = YES;
				CLANG_WARN_BLOCK_CAPTURE_AUTORELEASING = YES;
				CLANG_WARN_BOOL_CONVERSION = YES;
				CLANG_WARN_COMMA = YES;
				CLANG_WARN_CONSTANT_CONVERSION = YES;
				CLANG_WARN_DEPRECATED_OBJC_IMPLEMENTATIONS = YES;
				CLANG_WARN_DIRECT_OBJC_ISA_USAGE = YES_ERROR;
				CLANG_WARN_DOCUMENTATION_COMMENTS = YES;
				CLANG_WARN_EMPTY_BODY = YES;
				CLANG_WARN_ENUM_CONVERSION = YES;
				CLANG_WARN_INFINITE_RECURSION = YES;
				CLANG_WARN_INT_CONVERSION = YES;
				CLANG_WARN_NON_LITERAL_NULL_CONVERSION = YES;
				CLANG_WARN_OBJC_IMPLICIT_RETAIN_SELF = YES;
				CLANG_WARN_OBJC_LITERAL_CONVERSION = YES;
				CLANG_WARN_OBJC_ROOT_CLASS = YES_ERROR;
				CLANG_WARN_QUOTED_INCLUDE_IN_FRAMEWORK_HEADER = YES;
				CLANG_WARN_RANGE_LOOP_ANALYSIS = YES;
				CLANG_WARN_STRICT_PROTOTYPES = YES;
				CLANG_WARN_SUSPICIOUS_MOVE = YES;
				CLANG_WARN_UNGUARDED_AVAILABILITY = YES_AGGRESSIVE;
				CLANG_WARN_UNREACHABLE_CODE = YES;
				CLANG_WARN__DUPLICATE_METHOD_MATCH = YES;
				COPY_PHASE_STRIP = NO;
				DEBUG_INFORMATION_FORMAT = dwarf;
				ENABLE_STRICT_OBJC_MSGSEND = YES;
				ENABLE_TESTABILITY = YES;
				ENABLE_USER_SCRIPT_SANDBOXING = YES;
				GCC_C_LANGUAGE_STANDARD = gnu17;
				GCC_DYNAMIC_NO_PIC = NO;
				GCC_NO_COMMON_BLOCKS = YES;
				GCC_OPTIMIZATION_LEVEL = 0;
				GCC_PREPROCESSOR_DEFINITIONS = (
					"DEBUG=1",
					"$(inherited)",
				);
				GCC_WARN_64_TO_32_BIT_CONVERSION = YES;
				GCC_WARN_ABOUT_RETURN_TYPE = YES_ERROR;
				GCC_WARN_UNDECLARED_SELECTOR = YES;
				GCC_WARN_UNINITIALIZED_AUTOS = YES_AGGRESSIVE;
				GCC_WARN_UNUSED_FUNCTION = YES;
				GCC_WARN_UNUSED_VARIABLE = YES;
				INFOPLIST_KEY_CFBundleDisplayName = "$(APP_NAME)";
				IPHONEOS_DEPLOYMENT_TARGET = 12.0;
				LOCALIZATION_PREFERS_STRING_CATALOGS = NO;
				MTL_ENABLE_DEBUG_INFO = INCLUDE_SOURCE;
				MTL_FAST_MATH = YES;
				ONLY_ACTIVE_ARCH = YES;
				SDKROOT = iphoneos;
				SWIFT_ACTIVE_COMPILATION_CONDITIONS = "DEBUG $(inherited)";
				SWIFT_OPTIMIZATION_LEVEL = "-Onone";
			};
			name = Debug;
		};
		3D3B04892BDF015900D0B013 /* Release */ = {
			isa = XCBuildConfiguration;
			buildSettings = {
				ALWAYS_SEARCH_USER_PATHS = NO;
				ASSETCATALOG_COMPILER_GENERATE_SWIFT_ASSET_SYMBOL_EXTENSIONS = YES;
				CLANG_ANALYZER_LOCALIZABILITY_NONLOCALIZED = YES;
				CLANG_ANALYZER_NONNULL = YES;
				CLANG_ANALYZER_NUMBER_OBJECT_CONVERSION = YES_AGGRESSIVE;
				CLANG_CXX_LANGUAGE_STANDARD = "gnu++20";
				CLANG_ENABLE_MODULES = YES;
				CLANG_ENABLE_OBJC_ARC = YES;
				CLANG_ENABLE_OBJC_WEAK = YES;
				CLANG_WARN_BLOCK_CAPTURE_AUTORELEASING = YES;
				CLANG_WARN_BOOL_CONVERSION = YES;
				CLANG_WARN_COMMA = YES;
				CLANG_WARN_CONSTANT_CONVERSION = YES;
				CLANG_WARN_DEPRECATED_OBJC_IMPLEMENTATIONS = YES;
				CLANG_WARN_DIRECT_OBJC_ISA_USAGE = YES_ERROR;
				CLANG_WARN_DOCUMENTATION_COMMENTS = YES;
				CLANG_WARN_EMPTY_BODY = YES;
				CLANG_WARN_ENUM_CONVERSION = YES;
				CLANG_WARN_INFINITE_RECURSION = YES;
				CLANG_WARN_INT_CONVERSION = YES;
				CLANG_WARN_NON_LITERAL_NULL_CONVERSION = YES;
				CLANG_WARN_OBJC_IMPLICIT_RETAIN_SELF = YES;
				CLANG_WARN_OBJC_LITERAL_CONVERSION = YES;
				CLANG_WARN_OBJC_ROOT_CLASS = YES_ERROR;
				CLANG_WARN_QUOTED_INCLUDE_IN_FRAMEWORK_HEADER = YES;
				CLANG_WARN_RANGE_LOOP_ANALYSIS = YES;
				CLANG_WARN_STRICT_PROTOTYPES = YES;
				CLANG_WARN_SUSPICIOUS_MOVE = YES;
				CLANG_WARN_UNGUARDED_AVAILABILITY = YES_AGGRESSIVE;
				CLANG_WARN_UNREACHABLE_CODE = YES;
				CLANG_WARN__DUPLICATE_METHOD_MATCH = YES;
				COPY_PHASE_STRIP = NO;
				DEBUG_INFORMATION_FORMAT = "dwarf-with-dsym";
				ENABLE_NS_ASSERTIONS = NO;
				ENABLE_STRICT_OBJC_MSGSEND = YES;
				ENABLE_USER_SCRIPT_SANDBOXING = YES;
				GCC_C_LANGUAGE_STANDARD = gnu17;
				GCC_NO_COMMON_BLOCKS = YES;
				GCC_WARN_64_TO_32_BIT_CONVERSION = YES;
				GCC_WARN_ABOUT_RETURN_TYPE = YES_ERROR;
				GCC_WARN_UNDECLARED_SELECTOR = YES;
				GCC_WARN_UNINITIALIZED_AUTOS = YES_AGGRESSIVE;
				GCC_WARN_UNUSED_FUNCTION = YES;
				GCC_WARN_UNUSED_VARIABLE = YES;
				INFOPLIST_KEY_CFBundleDisplayName = "$(APP_NAME)";
				IPHONEOS_DEPLOYMENT_TARGET = 12.0;
				LOCALIZATION_PREFERS_STRING_CATALOGS = NO;
				MTL_ENABLE_DEBUG_INFO = NO;
				MTL_FAST_MATH = YES;
				SDKROOT = iphoneos;
				SWIFT_COMPILATION_MODE = wholemodule;
				VALIDATE_PRODUCT = YES;
			};
			name = Release;
		};
		3D3B048B2BDF015900D0B013 /* Debug */ = {
			isa = XCBuildConfiguration;
			baseConfigurationReference = 3DAB25ED2BE157D40031A7CF /* Config.xcconfig */;
			buildSettings = {
				ASSETCATALOG_COMPILER_APPICON_NAME = AppIcon;
				ASSETCATALOG_COMPILER_GLOBAL_ACCENT_COLOR_NAME = AccentColor;
				CODE_SIGN_STYLE = Automatic;
				CURRENT_PROJECT_VERSION = "$(APP_BUILD)";
				DEVELOPMENT_TEAM = 8U9578N5G7;
				GENERATE_INFOPLIST_FILE = YES;
				INFOPLIST_FILE = Tradernet/Resources/Info.plist;
				INFOPLIST_KEY_CFBundleDisplayName = "${APP_NAME}";
				INFOPLIST_KEY_LSApplicationCategoryType = "public.app-category.finance";
				INFOPLIST_KEY_UIApplicationSupportsIndirectInputEvents = YES;
				INFOPLIST_KEY_UILaunchStoryboardName = LaunchScreen;
				INFOPLIST_KEY_UISupportedInterfaceOrientations = UIInterfaceOrientationPortrait;
				LD_RUNPATH_SEARCH_PATHS = (
					"$(inherited)",
					"@executable_path/Frameworks",
				);
				MARKETING_VERSION = "$(APP_VERSION)";
				PRODUCT_BUNDLE_IDENTIFIER = alexander.karpenko.Tradernet;
				PRODUCT_NAME = "$(TARGET_NAME)";
				SUPPORTED_PLATFORMS = "iphoneos iphonesimulator";
				SUPPORTS_MACCATALYST = NO;
				SUPPORTS_MAC_DESIGNED_FOR_IPHONE_IPAD = NO;
				SWIFT_EMIT_LOC_STRINGS = YES;
				SWIFT_VERSION = 5.0;
				TARGETED_DEVICE_FAMILY = 1;
			};
			name = Debug;
		};
		3D3B048C2BDF015900D0B013 /* Release */ = {
			isa = XCBuildConfiguration;
			baseConfigurationReference = 3DAB25ED2BE157D40031A7CF /* Config.xcconfig */;
			buildSettings = {
				ASSETCATALOG_COMPILER_APPICON_NAME = AppIcon;
				ASSETCATALOG_COMPILER_GLOBAL_ACCENT_COLOR_NAME = AccentColor;
				CODE_SIGN_STYLE = Automatic;
				CURRENT_PROJECT_VERSION = "$(APP_BUILD)";
				DEVELOPMENT_TEAM = 8U9578N5G7;
				GENERATE_INFOPLIST_FILE = YES;
				INFOPLIST_FILE = Tradernet/Resources/Info.plist;
				INFOPLIST_KEY_CFBundleDisplayName = "${APP_NAME}";
				INFOPLIST_KEY_LSApplicationCategoryType = "public.app-category.finance";
				INFOPLIST_KEY_UIApplicationSupportsIndirectInputEvents = YES;
				INFOPLIST_KEY_UILaunchStoryboardName = LaunchScreen;
				INFOPLIST_KEY_UISupportedInterfaceOrientations = UIInterfaceOrientationPortrait;
				LD_RUNPATH_SEARCH_PATHS = (
					"$(inherited)",
					"@executable_path/Frameworks",
				);
				MARKETING_VERSION = "$(APP_VERSION)";
				PRODUCT_BUNDLE_IDENTIFIER = alexander.karpenko.Tradernet;
				PRODUCT_NAME = "$(TARGET_NAME)";
				SUPPORTED_PLATFORMS = "iphoneos iphonesimulator";
				SUPPORTS_MACCATALYST = NO;
				SUPPORTS_MAC_DESIGNED_FOR_IPHONE_IPAD = NO;
				SWIFT_EMIT_LOC_STRINGS = YES;
				SWIFT_VERSION = 5.0;
				TARGETED_DEVICE_FAMILY = 1;
			};
			name = Release;
		};
		3D3B048E2BDF015900D0B013 /* Debug */ = {
			isa = XCBuildConfiguration;
			buildSettings = {
				ALWAYS_EMBED_SWIFT_STANDARD_LIBRARIES = YES;
				BUNDLE_LOADER = "$(TEST_HOST)";
				CODE_SIGN_STYLE = Automatic;
				CURRENT_PROJECT_VERSION = 1;
				DEVELOPMENT_TEAM = 5PZDUPSM9U;
				GENERATE_INFOPLIST_FILE = YES;
				INFOPLIST_KEY_CFBundleDisplayName = "";
				IPHONEOS_DEPLOYMENT_TARGET = 17.0;
				MARKETING_VERSION = 1.0;
				PRODUCT_BUNDLE_IDENTIFIER = alexander.karpenko.TradernetTests;
				PRODUCT_NAME = "$(TARGET_NAME)";
				SWIFT_EMIT_LOC_STRINGS = NO;
				SWIFT_VERSION = 5.0;
				TARGETED_DEVICE_FAMILY = "1,2";
				TEST_HOST = "$(BUILT_PRODUCTS_DIR)/Tradernet.app/$(BUNDLE_EXECUTABLE_FOLDER_PATH)/Tradernet";
			};
			name = Debug;
		};
		3D3B048F2BDF015900D0B013 /* Release */ = {
			isa = XCBuildConfiguration;
			buildSettings = {
				ALWAYS_EMBED_SWIFT_STANDARD_LIBRARIES = YES;
				BUNDLE_LOADER = "$(TEST_HOST)";
				CODE_SIGN_STYLE = Automatic;
				CURRENT_PROJECT_VERSION = 1;
				DEVELOPMENT_TEAM = 5PZDUPSM9U;
				GENERATE_INFOPLIST_FILE = YES;
				INFOPLIST_KEY_CFBundleDisplayName = "";
				IPHONEOS_DEPLOYMENT_TARGET = 17.0;
				MARKETING_VERSION = 1.0;
				PRODUCT_BUNDLE_IDENTIFIER = alexander.karpenko.TradernetTests;
				PRODUCT_NAME = "$(TARGET_NAME)";
				SWIFT_EMIT_LOC_STRINGS = NO;
				SWIFT_VERSION = 5.0;
				TARGETED_DEVICE_FAMILY = "1,2";
				TEST_HOST = "$(BUILT_PRODUCTS_DIR)/Tradernet.app/$(BUNDLE_EXECUTABLE_FOLDER_PATH)/Tradernet";
			};
			name = Release;
		};
		3D3B04912BDF015900D0B013 /* Debug */ = {
			isa = XCBuildConfiguration;
			buildSettings = {
				ALWAYS_EMBED_SWIFT_STANDARD_LIBRARIES = YES;
				CODE_SIGN_STYLE = Automatic;
				CURRENT_PROJECT_VERSION = 1;
				DEVELOPMENT_TEAM = 5PZDUPSM9U;
				GENERATE_INFOPLIST_FILE = YES;
				INFOPLIST_KEY_CFBundleDisplayName = "";
				MARKETING_VERSION = 1.0;
				PRODUCT_BUNDLE_IDENTIFIER = alexander.karpenko.TradernetUITests;
				PRODUCT_NAME = "$(TARGET_NAME)";
				SWIFT_EMIT_LOC_STRINGS = NO;
				SWIFT_VERSION = 5.0;
				TARGETED_DEVICE_FAMILY = "1,2";
				TEST_TARGET_NAME = Tradernet;
			};
			name = Debug;
		};
		3D3B04922BDF015900D0B013 /* Release */ = {
			isa = XCBuildConfiguration;
			buildSettings = {
				ALWAYS_EMBED_SWIFT_STANDARD_LIBRARIES = YES;
				CODE_SIGN_STYLE = Automatic;
				CURRENT_PROJECT_VERSION = 1;
				DEVELOPMENT_TEAM = 5PZDUPSM9U;
				GENERATE_INFOPLIST_FILE = YES;
				INFOPLIST_KEY_CFBundleDisplayName = "";
				MARKETING_VERSION = 1.0;
				PRODUCT_BUNDLE_IDENTIFIER = alexander.karpenko.TradernetUITests;
				PRODUCT_NAME = "$(TARGET_NAME)";
				SWIFT_EMIT_LOC_STRINGS = NO;
				SWIFT_VERSION = 5.0;
				TARGETED_DEVICE_FAMILY = "1,2";
				TEST_TARGET_NAME = Tradernet;
			};
			name = Release;
		};
/* End XCBuildConfiguration section */

/* Begin XCConfigurationList section */
		3D3B045B2BDF015800D0B013 /* Build configuration list for PBXProject "Tradernet" */ = {
			isa = XCConfigurationList;
			buildConfigurations = (
				3D3B04882BDF015900D0B013 /* Debug */,
				3D3B04892BDF015900D0B013 /* Release */,
			);
			defaultConfigurationIsVisible = 0;
			defaultConfigurationName = Release;
		};
		3D3B048A2BDF015900D0B013 /* Build configuration list for PBXNativeTarget "Tradernet" */ = {
			isa = XCConfigurationList;
			buildConfigurations = (
				3D3B048B2BDF015900D0B013 /* Debug */,
				3D3B048C2BDF015900D0B013 /* Release */,
			);
			defaultConfigurationIsVisible = 0;
			defaultConfigurationName = Release;
		};
		3D3B048D2BDF015900D0B013 /* Build configuration list for PBXNativeTarget "TradernetTests" */ = {
			isa = XCConfigurationList;
			buildConfigurations = (
				3D3B048E2BDF015900D0B013 /* Debug */,
				3D3B048F2BDF015900D0B013 /* Release */,
			);
			defaultConfigurationIsVisible = 0;
			defaultConfigurationName = Release;
		};
		3D3B04902BDF015900D0B013 /* Build configuration list for PBXNativeTarget "TradernetUITests" */ = {
			isa = XCConfigurationList;
			buildConfigurations = (
				3D3B04912BDF015900D0B013 /* Debug */,
				3D3B04922BDF015900D0B013 /* Release */,
			);
			defaultConfigurationIsVisible = 0;
			defaultConfigurationName = Release;
		};
/* End XCConfigurationList section */

/* Begin XCRemoteSwiftPackageReference section */
		3DDA574E2BDF0C8800B3204F /* XCRemoteSwiftPackageReference "SnapKit" */ = {
			isa = XCRemoteSwiftPackageReference;
			repositoryURL = "https://github.com/SnapKit/SnapKit.git";
			requirement = {
				kind = exactVersion;
				version = 5.7.1;
			};
		};
		3DDA574F2BDF0C9100B3204F /* XCRemoteSwiftPackageReference "Starscream" */ = {
			isa = XCRemoteSwiftPackageReference;
			repositoryURL = "https://github.com/daltoniam/Starscream.git";
			requirement = {
				kind = exactVersion;
				version = 4.0.8;
			};
		};
/* End XCRemoteSwiftPackageReference section */

/* Begin XCSwiftPackageProductDependency section */
		3DDA57502BDF0C9100B3204F /* Starscream */ = {
			isa = XCSwiftPackageProductDependency;
			package = 3DDA574F2BDF0C9100B3204F /* XCRemoteSwiftPackageReference "Starscream" */;
			productName = Starscream;
		};
		3DDA57532BDF12CA00B3204F /* SnapKit */ = {
			isa = XCSwiftPackageProductDependency;
			package = 3DDA574E2BDF0C8800B3204F /* XCRemoteSwiftPackageReference "SnapKit" */;
			productName = SnapKit;
		};
/* End XCSwiftPackageProductDependency section */
	};
	rootObject = 3D3B04582BDF015800D0B013 /* Project object */;
}
