// !$*UTF8*$!
{
	archiveVersion = 1;
	classes = {
	};
	objectVersion = 56;
	objects = {

/* Begin PBXBuildFile section */
		3D3B04642BDF015800D0B013 /* AppDelegate.swift in Sources */ = {isa = PBXBuildFile; fileRef = 3D3B04632BDF015800D0B013 /* AppDelegate.swift */; };
		3D3B04682BDF015800D0B013 /* QuotesViewController.swift in Sources */ = {isa = PBXBuildFile; fileRef = 3D3B04672BDF015800D0B013 /* QuotesViewController.swift */; };
		3D3B046D2BDF015900D0B013 /* Assets.xcassets in Resources */ = {isa = PBXBuildFile; fileRef = 3D3B046C2BDF015900D0B013 /* Assets.xcassets */; };
		3D3B047B2BDF015900D0B013 /* TradernetTests.swift in Sources */ = {isa = PBXBuildFile; fileRef = 3D3B047A2BDF015900D0B013 /* TradernetTests.swift */; };
		3D3B04852BDF015900D0B013 /* TradernetUITests.swift in Sources */ = {isa = PBXBuildFile; fileRef = 3D3B04842BDF015900D0B013 /* TradernetUITests.swift */; };
		3D3B04872BDF015900D0B013 /* TradernetUITestsLaunchTests.swift in Sources */ = {isa = PBXBuildFile; fileRef = 3D3B04862BDF015900D0B013 /* TradernetUITestsLaunchTests.swift */; };
		3D8A02212BEA4E1600204500 /* LifeCycleEvent.swift in Sources */ = {isa = PBXBuildFile; fileRef = 3D8A02202BEA4E1600204500 /* LifeCycleEvent.swift */; };
		3D8A02252BEA5B1F00204500 /* LocalizedString.swift in Sources */ = {isa = PBXBuildFile; fileRef = 3D8A02242BEA5B1F00204500 /* LocalizedString.swift */; };
		3D8A02272BEA8D8500204500 /* preloaded_data.json in Resources */ = {isa = PBXBuildFile; fileRef = 3D8A02262BEA8D8500204500 /* preloaded_data.json */; };
		3D8A02292BEAD65D00204500 /* EmptyStateView.swift in Sources */ = {isa = PBXBuildFile; fileRef = 3D8A02282BEAD65D00204500 /* EmptyStateView.swift */; };
		3D8A022C2BEAE06B00204500 /* PreloadedDataHelper.swift in Sources */ = {isa = PBXBuildFile; fileRef = 3D8A022B2BEAE06B00204500 /* PreloadedDataHelper.swift */; };
		3D8D99832BE450B700E04AA3 /* QuoteEntity.swift in Sources */ = {isa = PBXBuildFile; fileRef = 3D8D99822BE450B700E04AA3 /* QuoteEntity.swift */; };
		3D8D998C2BE4863400E04AA3 /* QuoteResponse.swift in Sources */ = {isa = PBXBuildFile; fileRef = 3D8D998B2BE4863400E04AA3 /* QuoteResponse.swift */; };
		3D8D99902BE548B200E04AA3 /* QuoteProviders.swift in Sources */ = {isa = PBXBuildFile; fileRef = 3D8D998F2BE548B200E04AA3 /* QuoteProviders.swift */; };
		3D8D99922BE548EE00E04AA3 /* QuotesWebSocketManager.swift in Sources */ = {isa = PBXBuildFile; fileRef = 3D8D99912BE548EE00E04AA3 /* QuotesWebSocketManager.swift */; };
		3D8D99952BE56B6A00E04AA3 /* QuotesStorageContract.swift in Sources */ = {isa = PBXBuildFile; fileRef = 3D8D99942BE56B6A00E04AA3 /* QuotesStorageContract.swift */; };
		3D8D99972BE6752F00E04AA3 /* QuotesStorageManager.swift in Sources */ = {isa = PBXBuildFile; fileRef = 3D8D99962BE6752F00E04AA3 /* QuotesStorageManager.swift */; };
		3D8D99992BE67A6A00E04AA3 /* QuotesRepository.swift in Sources */ = {isa = PBXBuildFile; fileRef = 3D8D99982BE67A6A00E04AA3 /* QuotesRepository.swift */; };
		3D8D999B2BE67A7D00E04AA3 /* QuotesRepositoryContract.swift in Sources */ = {isa = PBXBuildFile; fileRef = 3D8D999A2BE67A7D00E04AA3 /* QuotesRepositoryContract.swift */; };
		3D8D99A02BE6849900E04AA3 /* DLError.swift in Sources */ = {isa = PBXBuildFile; fileRef = 3D8D999F2BE6849900E04AA3 /* DLError.swift */; };
		3D8D99A32BE6E49200E04AA3 /* CoreDataManager.swift in Sources */ = {isa = PBXBuildFile; fileRef = 3D8D99A22BE6E49200E04AA3 /* CoreDataManager.swift */; };
		3D8D99A52BE6E50900E04AA3 /* QuotesViewModel.swift in Sources */ = {isa = PBXBuildFile; fileRef = 3D8D99A42BE6E50900E04AA3 /* QuotesViewModel.swift */; };
		3D8D99A72BE6E5D100E04AA3 /* QuotesViewModelContract.swift in Sources */ = {isa = PBXBuildFile; fileRef = 3D8D99A62BE6E5D100E04AA3 /* QuotesViewModelContract.swift */; };
		3D8D99AB2BE6EDC300E04AA3 /* QuotesViewContract.swift in Sources */ = {isa = PBXBuildFile; fileRef = 3D8D99AA2BE6EDC300E04AA3 /* QuotesViewContract.swift */; };
		3D8D99B02BE7A1AB00E04AA3 /* QuoteCell.swift in Sources */ = {isa = PBXBuildFile; fileRef = 3D8D99AF2BE7A1AB00E04AA3 /* QuoteCell.swift */; };
		3D8D99B22BE7A21300E04AA3 /* QuoteModel.swift in Sources */ = {isa = PBXBuildFile; fileRef = 3D8D99B12BE7A21300E04AA3 /* QuoteModel.swift */; };
		3D8D99BB2BE83F2500E04AA3 /* PercentView.swift in Sources */ = {isa = PBXBuildFile; fileRef = 3D8D99BA2BE83F2500E04AA3 /* PercentView.swift */; };
		3D8D99BD2BE85EA800E04AA3 /* QuoteLogoView.swift in Sources */ = {isa = PBXBuildFile; fileRef = 3D8D99BC2BE85EA800E04AA3 /* QuoteLogoView.swift */; };
		3D8D99BF2BE8FA5100E04AA3 /* SwipeableCollectionViewCellDelegate.swift in Sources */ = {isa = PBXBuildFile; fileRef = 3D8D99BE2BE8FA5100E04AA3 /* SwipeableCollectionViewCellDelegate.swift */; };
		3D8D99C12BE8FBDB00E04AA3 /* SwipeableCollectionViewCell.swift in Sources */ = {isa = PBXBuildFile; fileRef = 3D8D99C02BE8FBDB00E04AA3 /* SwipeableCollectionViewCell.swift */; };
		3D8D99C52BE9166A00E04AA3 /* ToastView.swift in Sources */ = {isa = PBXBuildFile; fileRef = 3D8D99C42BE9166A00E04AA3 /* ToastView.swift */; };
		3D8D99C82BE9332D00E04AA3 /* TickersViewContract.swift in Sources */ = {isa = PBXBuildFile; fileRef = 3D8D99C72BE9332D00E04AA3 /* TickersViewContract.swift */; };
		3D8D99CA2BE9333B00E04AA3 /* TickersViewModelContract.swift in Sources */ = {isa = PBXBuildFile; fileRef = 3D8D99C92BE9333B00E04AA3 /* TickersViewModelContract.swift */; };
		3D8D99CC2BE9334700E04AA3 /* TickersViewModel.swift in Sources */ = {isa = PBXBuildFile; fileRef = 3D8D99CB2BE9334700E04AA3 /* TickersViewModel.swift */; };
		3D8D99CE2BE9335200E04AA3 /* TickersViewController.swift in Sources */ = {isa = PBXBuildFile; fileRef = 3D8D99CD2BE9335200E04AA3 /* TickersViewController.swift */; };
		3D8D99D02BE9336400E04AA3 /* TickerCell.swift in Sources */ = {isa = PBXBuildFile; fileRef = 3D8D99CF2BE9336400E04AA3 /* TickerCell.swift */; };
		3D8D99D42BE933A500E04AA3 /* TickerProvider.swift in Sources */ = {isa = PBXBuildFile; fileRef = 3D8D99D32BE933A500E04AA3 /* TickerProvider.swift */; };
		3D8D99D62BE933AF00E04AA3 /* TickerManager.swift in Sources */ = {isa = PBXBuildFile; fileRef = 3D8D99D52BE933AF00E04AA3 /* TickerManager.swift */; };
		3D8D99DA2BE93D0300E04AA3 /* TickerRepository.swift in Sources */ = {isa = PBXBuildFile; fileRef = 3D8D99D92BE93D0300E04AA3 /* TickerRepository.swift */; };
		3D8D99DC2BE93D1200E04AA3 /* TickerRepositoryContract.swift in Sources */ = {isa = PBXBuildFile; fileRef = 3D8D99DB2BE93D1200E04AA3 /* TickerRepositoryContract.swift */; };
		3DAB25F92BE1995A0031A7CF /* LaunchScreen.storyboard in Resources */ = {isa = PBXBuildFile; fileRef = 3DAB25F82BE1995A0031A7CF /* LaunchScreen.storyboard */; };
		3DAB25FC2BE19AA60031A7CF /* Localizable.strings in Resources */ = {isa = PBXBuildFile; fileRef = 3DAB25FE2BE19AA60031A7CF /* Localizable.strings */; };
		3DAB26022BE236440031A7CF /* CoreData.framework in Frameworks */ = {isa = PBXBuildFile; fileRef = 3DAB26012BE236440031A7CF /* CoreData.framework */; };
		3DAB26052BE237450031A7CF /* Model.xcdatamodeld in Sources */ = {isa = PBXBuildFile; fileRef = 3DAB26032BE237450031A7CF /* Model.xcdatamodeld */; };
		3DDA57512BDF0C9100B3204F /* Starscream in Frameworks */ = {isa = PBXBuildFile; productRef = 3DDA57502BDF0C9100B3204F /* Starscream */; };
		3DDA57542BDF12CA00B3204F /* SnapKit in Frameworks */ = {isa = PBXBuildFile; productRef = 3DDA57532BDF12CA00B3204F /* SnapKit */; };
/* End PBXBuildFile section */

/* Begin PBXContainerItemProxy section */
		3D3B04772BDF015900D0B013 /* PBXContainerItemProxy */ = {
			isa = PBXContainerItemProxy;
			containerPortal = 3D3B04582BDF015800D0B013 /* Project object */;
			proxyType = 1;
			remoteGlobalIDString = 3D3B045F2BDF015800D0B013;
			remoteInfo = Tradernet;
		};
		3D3B04812BDF015900D0B013 /* PBXContainerItemProxy */ = {
			isa = PBXContainerItemProxy;
			containerPortal = 3D3B04582BDF015800D0B013 /* Project object */;
			proxyType = 1;
			remoteGlobalIDString = 3D3B045F2BDF015800D0B013;
			remoteInfo = Tradernet;
		};
/* End PBXContainerItemProxy section */

/* Begin PBXFileReference section */
		3D3B04602BDF015800D0B013 /* Tradernet.app */ = {isa = PBXFileReference; explicitFileType = wrapper.application; includeInIndex = 0; path = Tradernet.app; sourceTree = BUILT_PRODUCTS_DIR; };
		3D3B04632BDF015800D0B013 /* AppDelegate.swift */ = {isa = PBXFileReference; lastKnownFileType = sourcecode.swift; path = AppDelegate.swift; sourceTree = "<group>"; };
		3D3B04672BDF015800D0B013 /* QuotesViewController.swift */ = {isa = PBXFileReference; lastKnownFileType = sourcecode.swift; path = QuotesViewController.swift; sourceTree = "<group>"; };
		3D3B046C2BDF015900D0B013 /* Assets.xcassets */ = {isa = PBXFileReference; lastKnownFileType = folder.assetcatalog; path = Assets.xcassets; sourceTree = "<group>"; };
		3D3B04712BDF015900D0B013 /* Info.plist */ = {isa = PBXFileReference; lastKnownFileType = text.plist.xml; path = Info.plist; sourceTree = "<group>"; };
		3D3B04762BDF015900D0B013 /* TradernetTests.xctest */ = {isa = PBXFileReference; explicitFileType = wrapper.cfbundle; includeInIndex = 0; path = TradernetTests.xctest; sourceTree = BUILT_PRODUCTS_DIR; };
		3D3B047A2BDF015900D0B013 /* TradernetTests.swift */ = {isa = PBXFileReference; lastKnownFileType = sourcecode.swift; path = TradernetTests.swift; sourceTree = "<group>"; };
		3D3B04802BDF015900D0B013 /* TradernetUITests.xctest */ = {isa = PBXFileReference; explicitFileType = wrapper.cfbundle; includeInIndex = 0; path = TradernetUITests.xctest; sourceTree = BUILT_PRODUCTS_DIR; };
		3D3B04842BDF015900D0B013 /* TradernetUITests.swift */ = {isa = PBXFileReference; lastKnownFileType = sourcecode.swift; path = TradernetUITests.swift; sourceTree = "<group>"; };
		3D3B04862BDF015900D0B013 /* TradernetUITestsLaunchTests.swift */ = {isa = PBXFileReference; lastKnownFileType = sourcecode.swift; path = TradernetUITestsLaunchTests.swift; sourceTree = "<group>"; };
		3D8A02202BEA4E1600204500 /* LifeCycleEvent.swift */ = {isa = PBXFileReference; lastKnownFileType = sourcecode.swift; path = LifeCycleEvent.swift; sourceTree = "<group>"; };
		3D8A02242BEA5B1F00204500 /* LocalizedString.swift */ = {isa = PBXFileReference; lastKnownFileType = sourcecode.swift; path = LocalizedString.swift; sourceTree = "<group>"; };
		3D8A02262BEA8D8500204500 /* preloaded_data.json */ = {isa = PBXFileReference; fileEncoding = 4; lastKnownFileType = text.json; path = preloaded_data.json; sourceTree = "<group>"; };
		3D8A02282BEAD65D00204500 /* EmptyStateView.swift */ = {isa = PBXFileReference; lastKnownFileType = sourcecode.swift; path = EmptyStateView.swift; sourceTree = "<group>"; };
		3D8A022B2BEAE06B00204500 /* PreloadedDataHelper.swift */ = {isa = PBXFileReference; lastKnownFileType = sourcecode.swift; path = PreloadedDataHelper.swift; sourceTree = "<group>"; };
		3D8D99822BE450B700E04AA3 /* QuoteEntity.swift */ = {isa = PBXFileReference; lastKnownFileType = sourcecode.swift; path = QuoteEntity.swift; sourceTree = "<group>"; };
		3D8D998B2BE4863400E04AA3 /* QuoteResponse.swift */ = {isa = PBXFileReference; lastKnownFileType = sourcecode.swift; path = QuoteResponse.swift; sourceTree = "<group>"; };
		3D8D998F2BE548B200E04AA3 /* QuoteProviders.swift */ = {isa = PBXFileReference; lastKnownFileType = sourcecode.swift; path = QuoteProviders.swift; sourceTree = "<group>"; };
		3D8D99912BE548EE00E04AA3 /* QuotesWebSocketManager.swift */ = {isa = PBXFileReference; lastKnownFileType = sourcecode.swift; path = QuotesWebSocketManager.swift; sourceTree = "<group>"; };
		3D8D99942BE56B6A00E04AA3 /* QuotesStorageContract.swift */ = {isa = PBXFileReference; lastKnownFileType = sourcecode.swift; path = QuotesStorageContract.swift; sourceTree = "<group>"; };
		3D8D99962BE6752F00E04AA3 /* QuotesStorageManager.swift */ = {isa = PBXFileReference; lastKnownFileType = sourcecode.swift; path = QuotesStorageManager.swift; sourceTree = "<group>"; };
		3D8D99982BE67A6A00E04AA3 /* QuotesRepository.swift */ = {isa = PBXFileReference; lastKnownFileType = sourcecode.swift; path = QuotesRepository.swift; sourceTree = "<group>"; };
		3D8D999A2BE67A7D00E04AA3 /* QuotesRepositoryContract.swift */ = {isa = PBXFileReference; lastKnownFileType = sourcecode.swift; path = QuotesRepositoryContract.swift; sourceTree = "<group>"; };
		3D8D999F2BE6849900E04AA3 /* DLError.swift */ = {isa = PBXFileReference; lastKnownFileType = sourcecode.swift; path = DLError.swift; sourceTree = "<group>"; };
		3D8D99A22BE6E49200E04AA3 /* CoreDataManager.swift */ = {isa = PBXFileReference; lastKnownFileType = sourcecode.swift; path = CoreDataManager.swift; sourceTree = "<group>"; };
		3D8D99A42BE6E50900E04AA3 /* QuotesViewModel.swift */ = {isa = PBXFileReference; lastKnownFileType = sourcecode.swift; path = QuotesViewModel.swift; sourceTree = "<group>"; };
		3D8D99A62BE6E5D100E04AA3 /* QuotesViewModelContract.swift */ = {isa = PBXFileReference; lastKnownFileType = sourcecode.swift; path = QuotesViewModelContract.swift; sourceTree = "<group>"; };
		3D8D99AA2BE6EDC300E04AA3 /* QuotesViewContract.swift */ = {isa = PBXFileReference; lastKnownFileType = sourcecode.swift; path = QuotesViewContract.swift; sourceTree = "<group>"; };
		3D8D99AF2BE7A1AB00E04AA3 /* QuoteCell.swift */ = {isa = PBXFileReference; lastKnownFileType = sourcecode.swift; path = QuoteCell.swift; sourceTree = "<group>"; };
		3D8D99B12BE7A21300E04AA3 /* QuoteModel.swift */ = {isa = PBXFileReference; lastKnownFileType = sourcecode.swift; path = QuoteModel.swift; sourceTree = "<group>"; };
		3D8D99BA2BE83F2500E04AA3 /* PercentView.swift */ = {isa = PBXFileReference; lastKnownFileType = sourcecode.swift; path = PercentView.swift; sourceTree = "<group>"; };
		3D8D99BC2BE85EA800E04AA3 /* QuoteLogoView.swift */ = {isa = PBXFileReference; lastKnownFileType = sourcecode.swift; path = QuoteLogoView.swift; sourceTree = "<group>"; };
		3D8D99BE2BE8FA5100E04AA3 /* SwipeableCollectionViewCellDelegate.swift */ = {isa = PBXFileReference; lastKnownFileType = sourcecode.swift; path = SwipeableCollectionViewCellDelegate.swift; sourceTree = "<group>"; };
		3D8D99C02BE8FBDB00E04AA3 /* SwipeableCollectionViewCell.swift */ = {isa = PBXFileReference; lastKnownFileType = sourcecode.swift; path = SwipeableCollectionViewCell.swift; sourceTree = "<group>"; };
		3D8D99C42BE9166A00E04AA3 /* ToastView.swift */ = {isa = PBXFileReference; lastKnownFileType = sourcecode.swift; path = ToastView.swift; sourceTree = "<group>"; };
		3D8D99C72BE9332D00E04AA3 /* TickersViewContract.swift */ = {isa = PBXFileReference; lastKnownFileType = sourcecode.swift; path = TickersViewContract.swift; sourceTree = "<group>"; };
		3D8D99C92BE9333B00E04AA3 /* TickersViewModelContract.swift */ = {isa = PBXFileReference; lastKnownFileType = sourcecode.swift; path = TickersViewModelContract.swift; sourceTree = "<group>"; };
		3D8D99CB2BE9334700E04AA3 /* TickersViewModel.swift */ = {isa = PBXFileReference; lastKnownFileType = sourcecode.swift; path = TickersViewModel.swift; sourceTree = "<group>"; };
		3D8D99CD2BE9335200E04AA3 /* TickersViewController.swift */ = {isa = PBXFileReference; lastKnownFileType = sourcecode.swift; path = TickersViewController.swift; sourceTree = "<group>"; };
		3D8D99CF2BE9336400E04AA3 /* TickerCell.swift */ = {isa = PBXFileReference; lastKnownFileType = sourcecode.swift; path = TickerCell.swift; sourceTree = "<group>"; };
		3D8D99D32BE933A500E04AA3 /* TickerProvider.swift */ = {isa = PBXFileReference; lastKnownFileType = sourcecode.swift; path = TickerProvider.swift; sourceTree = "<group>"; };
		3D8D99D52BE933AF00E04AA3 /* TickerManager.swift */ = {isa = PBXFileReference; lastKnownFileType = sourcecode.swift; path = TickerManager.swift; sourceTree = "<group>"; };
		3D8D99D92BE93D0300E04AA3 /* TickerRepository.swift */ = {isa = PBXFileReference; lastKnownFileType = sourcecode.swift; path = TickerRepository.swift; sourceTree = "<group>"; };
		3D8D99DB2BE93D1200E04AA3 /* TickerRepositoryContract.swift */ = {isa = PBXFileReference; lastKnownFileType = sourcecode.swift; path = TickerRepositoryContract.swift; sourceTree = "<group>"; };
		3DAB25ED2BE157D40031A7CF /* Config.xcconfig */ = {isa = PBXFileReference; lastKnownFileType = text.xcconfig; path = Config.xcconfig; sourceTree = "<group>"; };
		3DAB25F82BE1995A0031A7CF /* LaunchScreen.storyboard */ = {isa = PBXFileReference; lastKnownFileType = file.storyboard; path = LaunchScreen.storyboard; sourceTree = "<group>"; };
		3DAB25FD2BE19AA60031A7CF /* en */ = {isa = PBXFileReference; lastKnownFileType = text.plist.strings; name = en; path = en.lproj/Localizable.strings; sourceTree = "<group>"; };
		3DAB25FF2BE19AAA0031A7CF /* ru */ = {isa = PBXFileReference; lastKnownFileType = text.plist.strings; name = ru; path = ru.lproj/Localizable.strings; sourceTree = "<group>"; };
		3DAB26012BE236440031A7CF /* CoreData.framework */ = {isa = PBXFileReference; lastKnownFileType = wrapper.framework; name = CoreData.framework; path = System/Library/Frameworks/CoreData.framework; sourceTree = SDKROOT; };
		3DAB26042BE237450031A7CF /* Model.xcdatamodel */ = {isa = PBXFileReference; lastKnownFileType = wrapper.xcdatamodel; path = Model.xcdatamodel; sourceTree = "<group>"; };
/* End PBXFileReference section */

/* Begin PBXFrameworksBuildPhase section */
		3D3B045D2BDF015800D0B013 /* Frameworks */ = {
			isa = PBXFrameworksBuildPhase;
			buildActionMask = 2147483647;
			files = (
				3DDA57512BDF0C9100B3204F /* Starscream in Frameworks */,
				3DAB26022BE236440031A7CF /* CoreData.framework in Frameworks */,
				3DDA57542BDF12CA00B3204F /* SnapKit in Frameworks */,
			);
			runOnlyForDeploymentPostprocessing = 0;
		};
		3D3B04732BDF015900D0B013 /* Frameworks */ = {
			isa = PBXFrameworksBuildPhase;
			buildActionMask = 2147483647;
			files = (
			);
			runOnlyForDeploymentPostprocessing = 0;
		};
		3D3B047D2BDF015900D0B013 /* Frameworks */ = {
			isa = PBXFrameworksBuildPhase;
			buildActionMask = 2147483647;
			files = (
			);
			runOnlyForDeploymentPostprocessing = 0;
		};
/* End PBXFrameworksBuildPhase section */

/* Begin PBXGroup section */
		3D3B04572BDF015800D0B013 = {
			isa = PBXGroup;
			children = (
				3D3B04622BDF015800D0B013 /* Tradernet */,
				3D3B04792BDF015900D0B013 /* TradernetTests */,
				3D3B04832BDF015900D0B013 /* TradernetUITests */,
				3D3B04612BDF015800D0B013 /* Products */,
				3DDA57522BDF12CA00B3204F /* Frameworks */,
			);
			sourceTree = "<group>";
		};
		3D3B04612BDF015800D0B013 /* Products */ = {
			isa = PBXGroup;
			children = (
				3D3B04602BDF015800D0B013 /* Tradernet.app */,
				3D3B04762BDF015900D0B013 /* TradernetTests.xctest */,
				3D3B04802BDF015900D0B013 /* TradernetUITests.xctest */,
			);
			name = Products;
			sourceTree = "<group>";
		};
		3D3B04622BDF015800D0B013 /* Tradernet */ = {
			isa = PBXGroup;
			children = (
				3D3B04632BDF015800D0B013 /* AppDelegate.swift */,
				3D8D99B62BE836F800E04AA3 /* Common */,
				3DAB26002BE19F480031A7CF /* Quotes */,
				3D8D998D2BE5483600E04AA3 /* Repository */,
				3DAB25EE2BE157E00031A7CF /* Resources */,
				3D8D99C62BE9331800E04AA3 /* Tickers */,
			);
			path = Tradernet;
			sourceTree = "<group>";
		};
		3D3B04792BDF015900D0B013 /* TradernetTests */ = {
			isa = PBXGroup;
			children = (
				3D3B047A2BDF015900D0B013 /* TradernetTests.swift */,
			);
			path = TradernetTests;
			sourceTree = "<group>";
		};
		3D3B04832BDF015900D0B013 /* TradernetUITests */ = {
			isa = PBXGroup;
			children = (
				3D3B04842BDF015900D0B013 /* TradernetUITests.swift */,
				3D3B04862BDF015900D0B013 /* TradernetUITestsLaunchTests.swift */,
			);
			path = TradernetUITests;
			sourceTree = "<group>";
		};
		3D8A02222BEA540C00204500 /* View */ = {
			isa = PBXGroup;
			children = (
				3D8D99C72BE9332D00E04AA3 /* TickersViewContract.swift */,
				3D8D99CD2BE9335200E04AA3 /* TickersViewController.swift */,
				3D8D99CF2BE9336400E04AA3 /* TickerCell.swift */,
			);
			path = View;
			sourceTree = "<group>";
		};
		3D8A02232BEA541A00204500 /* ViewModel */ = {
			isa = PBXGroup;
			children = (
				3D8D99C92BE9333B00E04AA3 /* TickersViewModelContract.swift */,
				3D8D99CB2BE9334700E04AA3 /* TickersViewModel.swift */,
			);
			path = ViewModel;
			sourceTree = "<group>";
		};
		3D8A022A2BEAE04D00204500 /* Utils */ = {
			isa = PBXGroup;
			children = (
				3D8A022B2BEAE06B00204500 /* PreloadedDataHelper.swift */,
			);
			path = Utils;
			sourceTree = "<group>";
		};
		3D8D998D2BE5483600E04AA3 /* Repository */ = {
			isa = PBXGroup;
			children = (
				3D8D999F2BE6849900E04AA3 /* DLError.swift */,
				3D8D99982BE67A6A00E04AA3 /* QuotesRepository.swift */,
				3D8D999A2BE67A7D00E04AA3 /* QuotesRepositoryContract.swift */,
				3D8D99D92BE93D0300E04AA3 /* TickerRepository.swift */,
				3D8D99DB2BE93D1200E04AA3 /* TickerRepositoryContract.swift */,
				3D8D99932BE5570A00E04AA3 /* Local */,
				3D8D99A12BE6E3B500E04AA3 /* Models */,
				3D8D998E2BE5484900E04AA3 /* Network */,
			);
			path = Repository;
			sourceTree = "<group>";
		};
		3D8D998E2BE5484900E04AA3 /* Network */ = {
			isa = PBXGroup;
			children = (
				3D8D998F2BE548B200E04AA3 /* QuoteProviders.swift */,
				3D8D99912BE548EE00E04AA3 /* QuotesWebSocketManager.swift */,
				3D8D99D32BE933A500E04AA3 /* TickerProvider.swift */,
				3D8D99D52BE933AF00E04AA3 /* TickerManager.swift */,
			);
			path = Network;
			sourceTree = "<group>";
		};
		3D8D99932BE5570A00E04AA3 /* Local */ = {
			isa = PBXGroup;
			children = (
				3D8D99942BE56B6A00E04AA3 /* QuotesStorageContract.swift */,
				3D8D99962BE6752F00E04AA3 /* QuotesStorageManager.swift */,
				3D8D99A22BE6E49200E04AA3 /* CoreDataManager.swift */,
			);
			path = Local;
			sourceTree = "<group>";
		};
		3D8D99A12BE6E3B500E04AA3 /* Models */ = {
			isa = PBXGroup;
			children = (
				3D8D99822BE450B700E04AA3 /* QuoteEntity.swift */,
				3D8D998B2BE4863400E04AA3 /* QuoteResponse.swift */,
			);
			path = Models;
			sourceTree = "<group>";
		};
		3D8D99AC2BE7A17D00E04AA3 /* View */ = {
			isa = PBXGroup;
			children = (
				3D8D99AF2BE7A1AB00E04AA3 /* QuoteCell.swift */,
				3D8D99AA2BE6EDC300E04AA3 /* QuotesViewContract.swift */,
				3D3B04672BDF015800D0B013 /* QuotesViewController.swift */,
			);
			path = View;
			sourceTree = "<group>";
		};
		3D8D99AD2BE7A18900E04AA3 /* ViewModel */ = {
			isa = PBXGroup;
			children = (
				3D8D99A42BE6E50900E04AA3 /* QuotesViewModel.swift */,
				3D8D99A62BE6E5D100E04AA3 /* QuotesViewModelContract.swift */,
			);
			path = ViewModel;
			sourceTree = "<group>";
		};
		3D8D99B32BE7A21A00E04AA3 /* Model */ = {
			isa = PBXGroup;
			children = (
				3D8D99B12BE7A21300E04AA3 /* QuoteModel.swift */,
			);
			path = Model;
			sourceTree = "<group>";
		};
		3D8D99B62BE836F800E04AA3 /* Common */ = {
			isa = PBXGroup;
			children = (
				3D8A022A2BEAE04D00204500 /* Utils */,
				3D8D99B72BE8370C00E04AA3 /* Views */,
				3D8A02242BEA5B1F00204500 /* LocalizedString.swift */,
			);
			path = Common;
			sourceTree = "<group>";
		};
		3D8D99B72BE8370C00E04AA3 /* Views */ = {
			isa = PBXGroup;
			children = (
				3D8D99BA2BE83F2500E04AA3 /* PercentView.swift */,
				3D8D99BC2BE85EA800E04AA3 /* QuoteLogoView.swift */,
				3D8D99BE2BE8FA5100E04AA3 /* SwipeableCollectionViewCellDelegate.swift */,
				3D8D99C02BE8FBDB00E04AA3 /* SwipeableCollectionViewCell.swift */,
				3D8D99C42BE9166A00E04AA3 /* ToastView.swift */,
				3D8A02202BEA4E1600204500 /* LifeCycleEvent.swift */,
				3D8A02282BEAD65D00204500 /* EmptyStateView.swift */,
			);
			path = Views;
			sourceTree = "<group>";
		};
		3D8D99C62BE9331800E04AA3 /* Tickers */ = {
			isa = PBXGroup;
			children = (
				3D8A02222BEA540C00204500 /* View */,
				3D8A02232BEA541A00204500 /* ViewModel */,
			);
			path = Tickers;
			sourceTree = "<group>";
		};
		3DAB25EE2BE157E00031A7CF /* Resources */ = {
			isa = PBXGroup;
			children = (
				3D8A02262BEA8D8500204500 /* preloaded_data.json */,
				3D3B046C2BDF015900D0B013 /* Assets.xcassets */,
				3DAB25ED2BE157D40031A7CF /* Config.xcconfig */,
				3D3B04712BDF015900D0B013 /* Info.plist */,
				3DAB25F82BE1995A0031A7CF /* LaunchScreen.storyboard */,
				3DAB25FE2BE19AA60031A7CF /* Localizable.strings */,
				3DAB26032BE237450031A7CF /* Model.xcdatamodeld */,
			);
			path = Resources;
			sourceTree = "<group>";
		};
		3DAB26002BE19F480031A7CF /* Quotes */ = {
			isa = PBXGroup;
			children = (
				3D8D99B32BE7A21A00E04AA3 /* Model */,
				3D8D99AC2BE7A17D00E04AA3 /* View */,
				3D8D99AD2BE7A18900E04AA3 /* ViewModel */,
			);
			path = Quotes;
			sourceTree = "<group>";
		};
		3DDA57522BDF12CA00B3204F /* Frameworks */ = {
			isa = PBXGroup;
			children = (
				3DAB26012BE236440031A7CF /* CoreData.framework */,
			);
			name = Frameworks;
			sourceTree = "<group>";
		};
/* End PBXGroup section */

/* Begin PBXNativeTarget section */
		3D3B045F2BDF015800D0B013 /* Tradernet */ = {
			isa = PBXNativeTarget;
			buildConfigurationList = 3D3B048A2BDF015900D0B013 /* Build configuration list for PBXNativeTarget "Tradernet" */;
			buildPhases = (
				3D3B045C2BDF015800D0B013 /* Sources */,
				3D3B045D2BDF015800D0B013 /* Frameworks */,
				3D3B045E2BDF015800D0B013 /* Resources */,
			);
			buildRules = (
			);
			dependencies = (
			);
			name = Tradernet;
			packageProductDependencies = (
				3DDA57502BDF0C9100B3204F /* Starscream */,
				3DDA57532BDF12CA00B3204F /* SnapKit */,
			);
			productName = Tradernet;
			productReference = 3D3B04602BDF015800D0B013 /* Tradernet.app */;
			productType = "com.apple.product-type.application";
		};
		3D3B04752BDF015900D0B013 /* TradernetTests */ = {
			isa = PBXNativeTarget;
			buildConfigurationList = 3D3B048D2BDF015900D0B013 /* Build configuration list for PBXNativeTarget "TradernetTests" */;
			buildPhases = (
				3D3B04722BDF015900D0B013 /* Sources */,
				3D3B04732BDF015900D0B013 /* Frameworks */,
				3D3B04742BDF015900D0B013 /* Resources */,
			);
			buildRules = (
			);
			dependencies = (
				3D3B04782BDF015900D0B013 /* PBXTargetDependency */,
			);
			name = TradernetTests;
			productName = TradernetTests;
			productReference = 3D3B04762BDF015900D0B013 /* TradernetTests.xctest */;
			productType = "com.apple.product-type.bundle.unit-test";
		};
		3D3B047F2BDF015900D0B013 /* TradernetUITests */ = {
			isa = PBXNativeTarget;
			buildConfigurationList = 3D3B04902BDF015900D0B013 /* Build configuration list for PBXNativeTarget "TradernetUITests" */;
			buildPhases = (
				3D3B047C2BDF015900D0B013 /* Sources */,
				3D3B047D2BDF015900D0B013 /* Frameworks */,
				3D3B047E2BDF015900D0B013 /* Resources */,
			);
			buildRules = (
			);
			dependencies = (
				3D3B04822BDF015900D0B013 /* PBXTargetDependency */,
			);
			name = TradernetUITests;
			productName = TradernetUITests;
			productReference = 3D3B04802BDF015900D0B013 /* TradernetUITests.xctest */;
			productType = "com.apple.product-type.bundle.ui-testing";
		};
/* End PBXNativeTarget section */

/* Begin PBXProject section */
		3D3B04582BDF015800D0B013 /* Project object */ = {
			isa = PBXProject;
			attributes = {
				BuildIndependentTargetsInParallel = 1;
				LastSwiftUpdateCheck = 1500;
				LastUpgradeCheck = 1500;
				TargetAttributes = {
					3D3B045F2BDF015800D0B013 = {
						CreatedOnToolsVersion = 15.0;
					};
					3D3B04752BDF015900D0B013 = {
						CreatedOnToolsVersion = 15.0;
						TestTargetID = 3D3B045F2BDF015800D0B013;
					};
					3D3B047F2BDF015900D0B013 = {
						CreatedOnToolsVersion = 15.0;
						TestTargetID = 3D3B045F2BDF015800D0B013;
					};
				};
			};
			buildConfigurationList = 3D3B045B2BDF015800D0B013 /* Build configuration list for PBXProject "Tradernet" */;
			compatibilityVersion = "Xcode 14.0";
			developmentRegion = en;
			hasScannedForEncodings = 0;
			knownRegions = (
				Base,
				en,
				ru,
			);
			mainGroup = 3D3B04572BDF015800D0B013;
			packageReferences = (
				3DDA574E2BDF0C8800B3204F /* XCRemoteSwiftPackageReference "SnapKit" */,
				3DDA574F2BDF0C9100B3204F /* XCRemoteSwiftPackageReference "Starscream" */,
			);
			productRefGroup = 3D3B04612BDF015800D0B013 /* Products */;
			projectDirPath = "";
			projectRoot = "";
			targets = (
				3D3B045F2BDF015800D0B013 /* Tradernet */,
				3D3B04752BDF015900D0B013 /* TradernetTests */,
				3D3B047F2BDF015900D0B013 /* TradernetUITests */,
			);
		};
/* End PBXProject section */

/* Begin PBXResourcesBuildPhase section */
		3D3B045E2BDF015800D0B013 /* Resources */ = {
			isa = PBXResourcesBuildPhase;
			buildActionMask = 2147483647;
			files = (
				3D8A02272BEA8D8500204500 /* preloaded_data.json in Resources */,
				3DAB25F92BE1995A0031A7CF /* LaunchScreen.storyboard in Resources */,
				3DAB25FC2BE19AA60031A7CF /* Localizable.strings in Resources */,
				3D3B046D2BDF015900D0B013 /* Assets.xcassets in Resources */,
			);
			runOnlyForDeploymentPostprocessing = 0;
		};
		3D3B04742BDF015900D0B013 /* Resources */ = {
			isa = PBXResourcesBuildPhase;
			buildActionMask = 2147483647;
			files = (
			);
			runOnlyForDeploymentPostprocessing = 0;
		};
		3D3B047E2BDF015900D0B013 /* Resources */ = {
			isa = PBXResourcesBuildPhase;
			buildActionMask = 2147483647;
			files = (
			);
			runOnlyForDeploymentPostprocessing = 0;
		};
/* End PBXResourcesBuildPhase section */

/* Begin PBXSourcesBuildPhase section */
		3D3B045C2BDF015800D0B013 /* Sources */ = {
			isa = PBXSourcesBuildPhase;
			buildActionMask = 2147483647;
			files = (
				3D8D998C2BE4863400E04AA3 /* QuoteResponse.swift in Sources */,
				3D8D99832BE450B700E04AA3 /* QuoteEntity.swift in Sources */,
				3D8D99BF2BE8FA5100E04AA3 /* SwipeableCollectionViewCellDelegate.swift in Sources */,
				3D3B04682BDF015800D0B013 /* QuotesViewController.swift in Sources */,
				3D8D99CA2BE9333B00E04AA3 /* TickersViewModelContract.swift in Sources */,
				3D3B04642BDF015800D0B013 /* AppDelegate.swift in Sources */,
				3D8D99952BE56B6A00E04AA3 /* QuotesStorageContract.swift in Sources */,
				3D8D99972BE6752F00E04AA3 /* QuotesStorageManager.swift in Sources */,
				3D8D99B22BE7A21300E04AA3 /* QuoteModel.swift in Sources */,
				3D8D99DC2BE93D1200E04AA3 /* TickerRepositoryContract.swift in Sources */,
				3D8D99A72BE6E5D100E04AA3 /* QuotesViewModelContract.swift in Sources */,
				3D8D999B2BE67A7D00E04AA3 /* QuotesRepositoryContract.swift in Sources */,
				3D8D99A32BE6E49200E04AA3 /* CoreDataManager.swift in Sources */,
				3D8D99922BE548EE00E04AA3 /* QuotesWebSocketManager.swift in Sources */,
				3D8A02212BEA4E1600204500 /* LifeCycleEvent.swift in Sources */,
				3D8D99CE2BE9335200E04AA3 /* TickersViewController.swift in Sources */,
				3D8A02252BEA5B1F00204500 /* LocalizedString.swift in Sources */,
				3DAB26052BE237450031A7CF /* Model.xcdatamodeld in Sources */,
				3D8D99D62BE933AF00E04AA3 /* TickerManager.swift in Sources */,
				3D8D99BD2BE85EA800E04AA3 /* QuoteLogoView.swift in Sources */,
				3D8D99B02BE7A1AB00E04AA3 /* QuoteCell.swift in Sources */,
				3D8D99DA2BE93D0300E04AA3 /* TickerRepository.swift in Sources */,
				3D8D99D02BE9336400E04AA3 /* TickerCell.swift in Sources */,
				3D8D99C52BE9166A00E04AA3 /* ToastView.swift in Sources */,
				3D8D99C82BE9332D00E04AA3 /* TickersViewContract.swift in Sources */,
				3D8D99902BE548B200E04AA3 /* QuoteProviders.swift in Sources */,
				3D8A02292BEAD65D00204500 /* EmptyStateView.swift in Sources */,
				3D8D99A02BE6849900E04AA3 /* DLError.swift in Sources */,
				3D8D99BB2BE83F2500E04AA3 /* PercentView.swift in Sources */,
				3D8D99D42BE933A500E04AA3 /* TickerProvider.swift in Sources */,
				3D8A022C2BEAE06B00204500 /* PreloadedDataHelper.swift in Sources */,
				3D8D99AB2BE6EDC300E04AA3 /* QuotesViewContract.swift in Sources */,
				3D8D99C12BE8FBDB00E04AA3 /* SwipeableCollectionViewCell.swift in Sources */,
				3D8D99CC2BE9334700E04AA3 /* TickersViewModel.swift in Sources */,
				3D8D99992BE67A6A00E04AA3 /* QuotesRepository.swift in Sources */,
				3D8D99A52BE6E50900E04AA3 /* QuotesViewModel.swift in Sources */,
			);
			runOnlyForDeploymentPostprocessing = 0;
		};
		3D3B04722BDF015900D0B013 /* Sources */ = {
			isa = PBXSourcesBuildPhase;
			buildActionMask = 2147483647;
			files = (
				3D3B047B2BDF015900D0B013 /* TradernetTests.swift in Sources */,
			);
			runOnlyForDeploymentPostprocessing = 0;
		};
		3D3B047C2BDF015900D0B013 /* Sources */ = {
			isa = PBXSourcesBuildPhase;
			buildActionMask = 2147483647;
			files = (
				3D3B04872BDF015900D0B013 /* TradernetUITestsLaunchTests.swift in Sources */,
				3D3B04852BDF015900D0B013 /* TradernetUITests.swift in Sources */,
			);
			runOnlyForDeploymentPostprocessing = 0;
		};
/* End PBXSourcesBuildPhase section */

/* Begin PBXTargetDependency section */
		3D3B04782BDF015900D0B013 /* PBXTargetDependency */ = {
			isa = PBXTargetDependency;
			target = 3D3B045F2BDF015800D0B013 /* Tradernet */;
			targetProxy = 3D3B04772BDF015900D0B013 /* PBXContainerItemProxy */;
		};
		3D3B04822BDF015900D0B013 /* PBXTargetDependency */ = {
			isa = PBXTargetDependency;
			target = 3D3B045F2BDF015800D0B013 /* Tradernet */;
			targetProxy = 3D3B04812BDF015900D0B013 /* PBXContainerItemProxy */;
		};
/* End PBXTargetDependency section */

/* Begin PBXVariantGroup section */
		3DAB25FE2BE19AA60031A7CF /* Localizable.strings */ = {
			isa = PBXVariantGroup;
			children = (
				3DAB25FD2BE19AA60031A7CF /* en */,
				3DAB25FF2BE19AAA0031A7CF /* ru */,
			);
			name = Localizable.strings;
			sourceTree = "<group>";
		};
/* End PBXVariantGroup section */

/* Begin XCBuildConfiguration section */
		3D3B04882BDF015900D0B013 /* Debug */ = {
			isa = XCBuildConfiguration;
			buildSettings = {
				ALWAYS_SEARCH_USER_PATHS = NO;
				ASSETCATALOG_COMPILER_GENERATE_SWIFT_ASSET_SYMBOL_EXTENSIONS = YES;
				CLANG_ANALYZER_LOCALIZABILITY_NONLOCALIZED = YES;
				CLANG_ANALYZER_NONNULL = YES;
				CLANG_ANALYZER_NUMBER_OBJECT_CONVERSION = YES_AGGRESSIVE;
				CLANG_CXX_LANGUAGE_STANDARD = "gnu++20";
				CLANG_ENABLE_MODULES = YES;
				CLANG_ENABLE_OBJC_ARC = YES;
				CLANG_ENABLE_OBJC_WEAK = YES;
				CLANG_WARN_BLOCK_CAPTURE_AUTORELEASING = YES;
				CLANG_WARN_BOOL_CONVERSION = YES;
				CLANG_WARN_COMMA = YES;
				CLANG_WARN_CONSTANT_CONVERSION = YES;
				CLANG_WARN_DEPRECATED_OBJC_IMPLEMENTATIONS = YES;
				CLANG_WARN_DIRECT_OBJC_ISA_USAGE = YES_ERROR;
				CLANG_WARN_DOCUMENTATION_COMMENTS = YES;
				CLANG_WARN_EMPTY_BODY = YES;
				CLANG_WARN_ENUM_CONVERSION = YES;
				CLANG_WARN_INFINITE_RECURSION = YES;
				CLANG_WARN_INT_CONVERSION = YES;
				CLANG_WARN_NON_LITERAL_NULL_CONVERSION = YES;
				CLANG_WARN_OBJC_IMPLICIT_RETAIN_SELF = YES;
				CLANG_WARN_OBJC_LITERAL_CONVERSION = YES;
				CLANG_WARN_OBJC_ROOT_CLASS = YES_ERROR;
				CLANG_WARN_QUOTED_INCLUDE_IN_FRAMEWORK_HEADER = YES;
				CLANG_WARN_RANGE_LOOP_ANALYSIS = YES;
				CLANG_WARN_STRICT_PROTOTYPES = YES;
				CLANG_WARN_SUSPICIOUS_MOVE = YES;
				CLANG_WARN_UNGUARDED_AVAILABILITY = YES_AGGRESSIVE;
				CLANG_WARN_UNREACHABLE_CODE = YES;
				CLANG_WARN__DUPLICATE_METHOD_MATCH = YES;
				COPY_PHASE_STRIP = NO;
				DEBUG_INFORMATION_FORMAT = dwarf;
				ENABLE_STRICT_OBJC_MSGSEND = YES;
				ENABLE_TESTABILITY = YES;
				ENABLE_USER_SCRIPT_SANDBOXING = YES;
				GCC_C_LANGUAGE_STANDARD = gnu17;
				GCC_DYNAMIC_NO_PIC = NO;
				GCC_NO_COMMON_BLOCKS = YES;
				GCC_OPTIMIZATION_LEVEL = 0;
				GCC_PREPROCESSOR_DEFINITIONS = (
					"DEBUG=1",
					"$(inherited)",
				);
				GCC_WARN_64_TO_32_BIT_CONVERSION = YES;
				GCC_WARN_ABOUT_RETURN_TYPE = YES_ERROR;
				GCC_WARN_UNDECLARED_SELECTOR = YES;
				GCC_WARN_UNINITIALIZED_AUTOS = YES_AGGRESSIVE;
				GCC_WARN_UNUSED_FUNCTION = YES;
				GCC_WARN_UNUSED_VARIABLE = YES;
				INFOPLIST_KEY_CFBundleDisplayName = "$(APP_NAME)";
				IPHONEOS_DEPLOYMENT_TARGET = 12.0;
				LOCALIZATION_PREFERS_STRING_CATALOGS = NO;
				MTL_ENABLE_DEBUG_INFO = INCLUDE_SOURCE;
				MTL_FAST_MATH = YES;
				ONLY_ACTIVE_ARCH = YES;
				SDKROOT = iphoneos;
				SWIFT_ACTIVE_COMPILATION_CONDITIONS = "DEBUG $(inherited)";
				SWIFT_OPTIMIZATION_LEVEL = "-Onone";
			};
			name = Debug;
		};
		3D3B04892BDF015900D0B013 /* Release */ = {
			isa = XCBuildConfiguration;
			buildSettings = {
				ALWAYS_SEARCH_USER_PATHS = NO;
				ASSETCATALOG_COMPILER_GENERATE_SWIFT_ASSET_SYMBOL_EXTENSIONS = YES;
				CLANG_ANALYZER_LOCALIZABILITY_NONLOCALIZED = YES;
				CLANG_ANALYZER_NONNULL = YES;
				CLANG_ANALYZER_NUMBER_OBJECT_CONVERSION = YES_AGGRESSIVE;
				CLANG_CXX_LANGUAGE_STANDARD = "gnu++20";
				CLANG_ENABLE_MODULES = YES;
				CLANG_ENABLE_OBJC_ARC = YES;
				CLANG_ENABLE_OBJC_WEAK = YES;
				CLANG_WARN_BLOCK_CAPTURE_AUTORELEASING = YES;
				CLANG_WARN_BOOL_CONVERSION = YES;
				CLANG_WARN_COMMA = YES;
				CLANG_WARN_CONSTANT_CONVERSION = YES;
				CLANG_WARN_DEPRECATED_OBJC_IMPLEMENTATIONS = YES;
				CLANG_WARN_DIRECT_OBJC_ISA_USAGE = YES_ERROR;
				CLANG_WARN_DOCUMENTATION_COMMENTS = YES;
				CLANG_WARN_EMPTY_BODY = YES;
				CLANG_WARN_ENUM_CONVERSION = YES;
				CLANG_WARN_INFINITE_RECURSION = YES;
				CLANG_WARN_INT_CONVERSION = YES;
				CLANG_WARN_NON_LITERAL_NULL_CONVERSION = YES;
				CLANG_WARN_OBJC_IMPLICIT_RETAIN_SELF = YES;
				CLANG_WARN_OBJC_LITERAL_CONVERSION = YES;
				CLANG_WARN_OBJC_ROOT_CLASS = YES_ERROR;
				CLANG_WARN_QUOTED_INCLUDE_IN_FRAMEWORK_HEADER = YES;
				CLANG_WARN_RANGE_LOOP_ANALYSIS = YES;
				CLANG_WARN_STRICT_PROTOTYPES = YES;
				CLANG_WARN_SUSPICIOUS_MOVE = YES;
				CLANG_WARN_UNGUARDED_AVAILABILITY = YES_AGGRESSIVE;
				CLANG_WARN_UNREACHABLE_CODE = YES;
				CLANG_WARN__DUPLICATE_METHOD_MATCH = YES;
				COPY_PHASE_STRIP = NO;
				DEBUG_INFORMATION_FORMAT = "dwarf-with-dsym";
				ENABLE_NS_ASSERTIONS = NO;
				ENABLE_STRICT_OBJC_MSGSEND = YES;
				ENABLE_USER_SCRIPT_SANDBOXING = YES;
				GCC_C_LANGUAGE_STANDARD = gnu17;
				GCC_NO_COMMON_BLOCKS = YES;
				GCC_WARN_64_TO_32_BIT_CONVERSION = YES;
				GCC_WARN_ABOUT_RETURN_TYPE = YES_ERROR;
				GCC_WARN_UNDECLARED_SELECTOR = YES;
				GCC_WARN_UNINITIALIZED_AUTOS = YES_AGGRESSIVE;
				GCC_WARN_UNUSED_FUNCTION = YES;
				GCC_WARN_UNUSED_VARIABLE = YES;
				INFOPLIST_KEY_CFBundleDisplayName = "$(APP_NAME)";
				IPHONEOS_DEPLOYMENT_TARGET = 12.0;
				LOCALIZATION_PREFERS_STRING_CATALOGS = NO;
				MTL_ENABLE_DEBUG_INFO = NO;
				MTL_FAST_MATH = YES;
				SDKROOT = iphoneos;
				SWIFT_COMPILATION_MODE = wholemodule;
				VALIDATE_PRODUCT = YES;
			};
			name = Release;
		};
		3D3B048B2BDF015900D0B013 /* Debug */ = {
			isa = XCBuildConfiguration;
			baseConfigurationReference = 3DAB25ED2BE157D40031A7CF /* Config.xcconfig */;
			buildSettings = {
				ASSETCATALOG_COMPILER_APPICON_NAME = AppIcon;
				ASSETCATALOG_COMPILER_GLOBAL_ACCENT_COLOR_NAME = AccentColor;
				CODE_SIGN_STYLE = Automatic;
				CURRENT_PROJECT_VERSION = "$(APP_BUILD)";
				DEVELOPMENT_TEAM = 8U9578N5G7;
				GENERATE_INFOPLIST_FILE = YES;
				INFOPLIST_FILE = Tradernet/Resources/Info.plist;
				INFOPLIST_KEY_CFBundleDisplayName = "${APP_NAME}";
				INFOPLIST_KEY_LSApplicationCategoryType = "public.app-category.finance";
				INFOPLIST_KEY_UIApplicationSupportsIndirectInputEvents = YES;
				INFOPLIST_KEY_UILaunchStoryboardName = LaunchScreen;
				INFOPLIST_KEY_UISupportedInterfaceOrientations = UIInterfaceOrientationPortrait;
				LD_RUNPATH_SEARCH_PATHS = (
					"$(inherited)",
					"@executable_path/Frameworks",
				);
				MARKETING_VERSION = "$(APP_VERSION)";
				PRODUCT_BUNDLE_IDENTIFIER = alexander.karpenko.Tradernet;
				PRODUCT_NAME = "$(TARGET_NAME)";
				SUPPORTED_PLATFORMS = "iphoneos iphonesimulator";
				SUPPORTS_MACCATALYST = NO;
				SUPPORTS_MAC_DESIGNED_FOR_IPHONE_IPAD = NO;
				SWIFT_EMIT_LOC_STRINGS = YES;
				SWIFT_VERSION = 5.0;
				TARGETED_DEVICE_FAMILY = 1;
			};
			name = Debug;
		};
		3D3B048C2BDF015900D0B013 /* Release */ = {
			isa = XCBuildConfiguration;
			baseConfigurationReference = 3DAB25ED2BE157D40031A7CF /* Config.xcconfig */;
			buildSettings = {
				ASSETCATALOG_COMPILER_APPICON_NAME = AppIcon;
				ASSETCATALOG_COMPILER_GLOBAL_ACCENT_COLOR_NAME = AccentColor;
				CODE_SIGN_STYLE = Automatic;
				CURRENT_PROJECT_VERSION = "$(APP_BUILD)";
				DEVELOPMENT_TEAM = 8U9578N5G7;
				GENERATE_INFOPLIST_FILE = YES;
				INFOPLIST_FILE = Tradernet/Resources/Info.plist;
				INFOPLIST_KEY_CFBundleDisplayName = "${APP_NAME}";
				INFOPLIST_KEY_LSApplicationCategoryType = "public.app-category.finance";
				INFOPLIST_KEY_UIApplicationSupportsIndirectInputEvents = YES;
				INFOPLIST_KEY_UILaunchStoryboardName = LaunchScreen;
				INFOPLIST_KEY_UISupportedInterfaceOrientations = UIInterfaceOrientationPortrait;
				LD_RUNPATH_SEARCH_PATHS = (
					"$(inherited)",
					"@executable_path/Frameworks",
				);
				MARKETING_VERSION = "$(APP_VERSION)";
				PRODUCT_BUNDLE_IDENTIFIER = alexander.karpenko.Tradernet;
				PRODUCT_NAME = "$(TARGET_NAME)";
				SUPPORTED_PLATFORMS = "iphoneos iphonesimulator";
				SUPPORTS_MACCATALYST = NO;
				SUPPORTS_MAC_DESIGNED_FOR_IPHONE_IPAD = NO;
				SWIFT_EMIT_LOC_STRINGS = YES;
				SWIFT_VERSION = 5.0;
				TARGETED_DEVICE_FAMILY = 1;
			};
			name = Release;
		};
		3D3B048E2BDF015900D0B013 /* Debug */ = {
			isa = XCBuildConfiguration;
			buildSettings = {
				ALWAYS_EMBED_SWIFT_STANDARD_LIBRARIES = YES;
				BUNDLE_LOADER = "$(TEST_HOST)";
				CODE_SIGN_STYLE = Automatic;
				CURRENT_PROJECT_VERSION = 1;
				DEVELOPMENT_TEAM = 5PZDUPSM9U;
				GENERATE_INFOPLIST_FILE = YES;
				INFOPLIST_KEY_CFBundleDisplayName = "";
				IPHONEOS_DEPLOYMENT_TARGET = 17.0;
				MARKETING_VERSION = 1.0;
				PRODUCT_BUNDLE_IDENTIFIER = alexander.karpenko.TradernetTests;
				PRODUCT_NAME = "$(TARGET_NAME)";
				SWIFT_EMIT_LOC_STRINGS = NO;
				SWIFT_VERSION = 5.0;
				TARGETED_DEVICE_FAMILY = "1,2";
				TEST_HOST = "$(BUILT_PRODUCTS_DIR)/Tradernet.app/$(BUNDLE_EXECUTABLE_FOLDER_PATH)/Tradernet";
			};
			name = Debug;
		};
		3D3B048F2BDF015900D0B013 /* Release */ = {
			isa = XCBuildConfiguration;
			buildSettings = {
				ALWAYS_EMBED_SWIFT_STANDARD_LIBRARIES = YES;
				BUNDLE_LOADER = "$(TEST_HOST)";
				CODE_SIGN_STYLE = Automatic;
				CURRENT_PROJECT_VERSION = 1;
				DEVELOPMENT_TEAM = 5PZDUPSM9U;
				GENERATE_INFOPLIST_FILE = YES;
				INFOPLIST_KEY_CFBundleDisplayName = "";
				IPHONEOS_DEPLOYMENT_TARGET = 17.0;
				MARKETING_VERSION = 1.0;
				PRODUCT_BUNDLE_IDENTIFIER = alexander.karpenko.TradernetTests;
				PRODUCT_NAME = "$(TARGET_NAME)";
				SWIFT_EMIT_LOC_STRINGS = NO;
				SWIFT_VERSION = 5.0;
				TARGETED_DEVICE_FAMILY = "1,2";
				TEST_HOST = "$(BUILT_PRODUCTS_DIR)/Tradernet.app/$(BUNDLE_EXECUTABLE_FOLDER_PATH)/Tradernet";
			};
			name = Release;
		};
		3D3B04912BDF015900D0B013 /* Debug */ = {
			isa = XCBuildConfiguration;
			buildSettings = {
				ALWAYS_EMBED_SWIFT_STANDARD_LIBRARIES = YES;
				CODE_SIGN_STYLE = Automatic;
				CURRENT_PROJECT_VERSION = 1;
				DEVELOPMENT_TEAM = 5PZDUPSM9U;
				GENERATE_INFOPLIST_FILE = YES;
				INFOPLIST_KEY_CFBundleDisplayName = "";
				MARKETING_VERSION = 1.0;
				PRODUCT_BUNDLE_IDENTIFIER = alexander.karpenko.TradernetUITests;
				PRODUCT_NAME = "$(TARGET_NAME)";
				SWIFT_EMIT_LOC_STRINGS = NO;
				SWIFT_VERSION = 5.0;
				TARGETED_DEVICE_FAMILY = "1,2";
				TEST_TARGET_NAME = Tradernet;
			};
			name = Debug;
		};
		3D3B04922BDF015900D0B013 /* Release */ = {
			isa = XCBuildConfiguration;
			buildSettings = {
				ALWAYS_EMBED_SWIFT_STANDARD_LIBRARIES = YES;
				CODE_SIGN_STYLE = Automatic;
				CURRENT_PROJECT_VERSION = 1;
				DEVELOPMENT_TEAM = 5PZDUPSM9U;
				GENERATE_INFOPLIST_FILE = YES;
				INFOPLIST_KEY_CFBundleDisplayName = "";
				MARKETING_VERSION = 1.0;
				PRODUCT_BUNDLE_IDENTIFIER = alexander.karpenko.TradernetUITests;
				PRODUCT_NAME = "$(TARGET_NAME)";
				SWIFT_EMIT_LOC_STRINGS = NO;
				SWIFT_VERSION = 5.0;
				TARGETED_DEVICE_FAMILY = "1,2";
				TEST_TARGET_NAME = Tradernet;
			};
			name = Release;
		};
/* End XCBuildConfiguration section */

/* Begin XCConfigurationList section */
		3D3B045B2BDF015800D0B013 /* Build configuration list for PBXProject "Tradernet" */ = {
			isa = XCConfigurationList;
			buildConfigurations = (
				3D3B04882BDF015900D0B013 /* Debug */,
				3D3B04892BDF015900D0B013 /* Release */,
			);
			defaultConfigurationIsVisible = 0;
			defaultConfigurationName = Release;
		};
		3D3B048A2BDF015900D0B013 /* Build configuration list for PBXNativeTarget "Tradernet" */ = {
			isa = XCConfigurationList;
			buildConfigurations = (
				3D3B048B2BDF015900D0B013 /* Debug */,
				3D3B048C2BDF015900D0B013 /* Release */,
			);
			defaultConfigurationIsVisible = 0;
			defaultConfigurationName = Release;
		};
		3D3B048D2BDF015900D0B013 /* Build configuration list for PBXNativeTarget "TradernetTests" */ = {
			isa = XCConfigurationList;
			buildConfigurations = (
				3D3B048E2BDF015900D0B013 /* Debug */,
				3D3B048F2BDF015900D0B013 /* Release */,
			);
			defaultConfigurationIsVisible = 0;
			defaultConfigurationName = Release;
		};
		3D3B04902BDF015900D0B013 /* Build configuration list for PBXNativeTarget "TradernetUITests" */ = {
			isa = XCConfigurationList;
			buildConfigurations = (
				3D3B04912BDF015900D0B013 /* Debug */,
				3D3B04922BDF015900D0B013 /* Release */,
			);
			defaultConfigurationIsVisible = 0;
			defaultConfigurationName = Release;
		};
/* End XCConfigurationList section */

/* Begin XCRemoteSwiftPackageReference section */
		3DDA574E2BDF0C8800B3204F /* XCRemoteSwiftPackageReference "SnapKit" */ = {
			isa = XCRemoteSwiftPackageReference;
			repositoryURL = "https://github.com/SnapKit/SnapKit.git";
			requirement = {
				kind = exactVersion;
				version = 5.7.1;
			};
		};
		3DDA574F2BDF0C9100B3204F /* XCRemoteSwiftPackageReference "Starscream" */ = {
			isa = XCRemoteSwiftPackageReference;
			repositoryURL = "https://github.com/daltoniam/Starscream.git";
			requirement = {
				kind = exactVersion;
				version = 4.0.8;
			};
		};
/* End XCRemoteSwiftPackageReference section */

/* Begin XCSwiftPackageProductDependency section */
		3DDA57502BDF0C9100B3204F /* Starscream */ = {
			isa = XCSwiftPackageProductDependency;
			package = 3DDA574F2BDF0C9100B3204F /* XCRemoteSwiftPackageReference "Starscream" */;
			productName = Starscream;
		};
		3DDA57532BDF12CA00B3204F /* SnapKit */ = {
			isa = XCSwiftPackageProductDependency;
			package = 3DDA574E2BDF0C8800B3204F /* XCRemoteSwiftPackageReference "SnapKit" */;
			productName = SnapKit;
		};
/* End XCSwiftPackageProductDependency section */

/* Begin XCVersionGroup section */
		3DAB26032BE237450031A7CF /* Model.xcdatamodeld */ = {
			isa = XCVersionGroup;
			children = (
				3DAB26042BE237450031A7CF /* Model.xcdatamodel */,
			);
			currentVersion = 3DAB26042BE237450031A7CF /* Model.xcdatamodel */;
			path = Model.xcdatamodeld;
			sourceTree = "<group>";
			versionGroupType = wrapper.xcdatamodel;
		};
/* End XCVersionGroup section */
	};
	rootObject = 3D3B04582BDF015800D0B013 /* Project object */;
}
